using System;

class Program
{
    static void Main()
    {
        // Prompt the user to input two numbers
        Console.Write("Enter the first number: ");
        string input1 = Console.ReadLine();

        Console.Write("Enter the second number: ");
        string input2 = Console.ReadLine();

        // Call the method to perform the division
        PerformDivision(input1, input2);
    }

    static void PerformDivision(string num1, string num2)
    {
        try
        {
            // Convert the input strings to integers
            int number1 = int.Parse(num1);
            int number2 = int.Parse(num2);

            // Perform the division
            int result = number1 / number2;

            // Output the result
            Console.WriteLine($"The result of {number1} divided by {number2} is: {result}");
        }
        catch (FormatException)
        {
            // Handle invalid input (non-numeric characters)
            Console.WriteLine("Error: Both inputs must be valid integers.");
        }
        catch (DivideByZeroException)
        {
            // Handle division by zero
            Console.WriteLine("Error: Division by zero is not allowed.");
        }
        catch (Exception ex)
        {
            // Catch any other unexpected exceptions
            Console.WriteLine($"An unexpected error occurred: {ex.Message}");
        }
    }
}
